<?xml version="1.0" encoding="utf-8"?>
<Project ToolsVersion="4.0" xmlns="http://schemas.microsoft.com/developer/msbuild/2003">
  <ItemGroup>
    <Filter Include="UI">
      <UniqueIdentifier>{b72c6fcd-da84-4fa8-8cc8-c61119a156da}</UniqueIdentifier>
    </Filter>
    <Filter Include="Rendering">
      <UniqueIdentifier>{ee9e3668-7089-4d79-abad-b93d172b0502}</UniqueIdentifier>
    </Filter>
    <Filter Include="Collision">
      <UniqueIdentifier>{2704dada-92f2-4fb4-8131-499807e1c17c}</UniqueIdentifier>
    </Filter>
    <Filter Include="Tiles">
      <UniqueIdentifier>{2943617f-b4a6-4212-b906-91bf8729547c}</UniqueIdentifier>
    </Filter>
    <Filter Include="Rendering\Animation">
      <UniqueIdentifier>{e6be3762-c114-4e0f-9047-1c88095edebd}</UniqueIdentifier>
    </Filter>
    <Filter Include="Rendering\Particles">
      <UniqueIdentifier>{c163e0dd-e619-4e3b-ae20-ac9dbdb184c4}</UniqueIdentifier>
    </Filter>
    <Filter Include="Externals">
      <UniqueIdentifier>{ee27908f-34c0-4329-aa94-c9fc703fd04d}</UniqueIdentifier>
    </Filter>
    <Filter Include="Rendering\Cameras">
      <UniqueIdentifier>{085f436a-cc76-43d1-99f9-f1fdc2cf372c}</UniqueIdentifier>
    </Filter>
    <Filter Include="Inputs">
      <UniqueIdentifier>{927d93be-6a14-4b7d-96bb-6bb51f57d014}</UniqueIdentifier>
    </Filter>
    <Filter Include="Rendering\Particles\Properties">
      <UniqueIdentifier>{3addc3fe-683a-4705-9e68-f62f7cbf44dd}</UniqueIdentifier>
    </Filter>
    <Filter Include="Filesystems">
      <UniqueIdentifier>{27f1be88-8946-4dd0-8e0f-d515a2f57a09}</UniqueIdentifier>
    </Filter>
    <Filter Include="Rendering\Textures">
      <UniqueIdentifier>{26f9b2be-b7c7-4d24-8906-b4e72efdf75f}</UniqueIdentifier>
    </Filter>
    <Filter Include="Audio">
      <UniqueIdentifier>{3bcbb863-5ccf-4185-810c-60d42f945b0b}</UniqueIdentifier>
    </Filter>
    <Filter Include="Scenes">
      <UniqueIdentifier>{bd6bdd31-cc1d-4df4-b117-2b0095d3fa03}</UniqueIdentifier>
    </Filter>
  </ItemGroup>
  <ItemGroup>
    <ClCompile Include="UI\UIText.cpp">
      <Filter>UI</Filter>
    </ClCompile>
    <ClCompile Include="UI\UIElement.cpp">
      <Filter>UI</Filter>
    </ClCompile>
    <ClCompile Include="UI\UIManager.cpp">
      <Filter>UI</Filter>
    </ClCompile>
    <ClCompile Include="Rendering\GLSLProgram.cpp">
      <Filter>Rendering</Filter>
    </ClCompile>
    <ClCompile Include="Rendering\TextRenderer.cpp">
      <Filter>Rendering</Filter>
    </ClCompile>
    <ClCompile Include="Collision\Collider2D.cpp">
      <Filter>Collision</Filter>
    </ClCompile>
    <ClCompile Include="Collision\Collision2D.cpp">
      <Filter>Collision</Filter>
    </ClCompile>
    <ClCompile Include="Errors.cpp" />
    <ClCompile Include="Jauntlet.cpp" />
    <ClCompile Include="JMath.cpp" />
    <ClCompile Include="Time.cpp" />
    <ClCompile Include="UI\UIButton.cpp">
      <Filter>UI</Filter>
    </ClCompile>
    <ClCompile Include="UI\UISprite.cpp">
      <Filter>UI</Filter>
    </ClCompile>
    <ClCompile Include="UI\UIButtonToggleable.cpp">
      <Filter>UI</Filter>
    </ClCompile>
    <ClCompile Include="UI\UIBatch.cpp">
      <Filter>UI</Filter>
    </ClCompile>
    <ClCompile Include="Tiles\TileMap.cpp">
      <Filter>Tiles</Filter>
    </ClCompile>
    <ClCompile Include="Tiles\TileSet.cpp">
      <Filter>Tiles</Filter>
    </ClCompile>
    <ClCompile Include="Rendering\Animation\SpriteAnimation.cpp">
      <Filter>Rendering\Animation</Filter>
    </ClCompile>
    <ClCompile Include="Rendering\Particles\ParticleEmitter.cpp">
      <Filter>Rendering\Particles</Filter>
    </ClCompile>
    <ClCompile Include="Externals\tinyfiledialogs.cpp">
      <Filter>Externals</Filter>
    </ClCompile>
    <ClCompile Include="Rendering\Window.cpp">
      <Filter>Rendering</Filter>
    </ClCompile>
    <ClCompile Include="Rendering\Cameras\Camera2D.cpp">
      <Filter>Rendering\Cameras</Filter>
    </ClCompile>
    <ClCompile Include="Inputs\InputKey.cpp">
      <Filter>Inputs</Filter>
    </ClCompile>
    <ClCompile Include="Inputs\InputManager.cpp">
      <Filter>Inputs</Filter>
    </ClCompile>
    <ClCompile Include="Rendering\Particles\Particle.cpp">
      <Filter>Rendering\Particles</Filter>
    </ClCompile>
    <ClCompile Include="Rendering\Particles\Properties\ParticleGrow.cpp">
      <Filter>Rendering\Particles\Properties</Filter>
    </ClCompile>
    <ClCompile Include="Rendering\Particles\Properties\ParticleProperty.cpp">
      <Filter>Rendering\Particles\Properties</Filter>
    </ClCompile>
    <ClCompile Include="Filesystems\FileManager.cpp">
      <Filter>Filesystems</Filter>
    </ClCompile>
    <ClCompile Include="Filesystems\FileDialogs.cpp">
      <Filter>Filesystems</Filter>
    </ClCompile>
    <ClCompile Include="UI\UISpriteAnimated.cpp">
      <Filter>UI</Filter>
    </ClCompile>
    <ClCompile Include="Rendering\Textures\ResourceManager.cpp">
      <Filter>Rendering\Textures</Filter>
    </ClCompile>
    <ClCompile Include="Rendering\Textures\SpriteBatch.cpp">
      <Filter>Rendering\Textures</Filter>
    </ClCompile>
    <ClCompile Include="Rendering\Textures\TextureCache.cpp">
      <Filter>Rendering\Textures</Filter>
    </ClCompile>
    <ClCompile Include="Rendering\ProgressBar.cpp">
      <Filter>Rendering</Filter>
    </ClCompile>
    <ClCompile Include="Audio\AudioListener.cpp">
      <Filter>Audio</Filter>
    </ClCompile>
    <ClCompile Include="Audio\AudioSource.cpp">
      <Filter>Audio</Filter>
    </ClCompile>
    <ClCompile Include="UI\UIProgressBar.cpp">
      <Filter>UI</Filter>
    </ClCompile>
    <ClCompile Include="Rendering\Cameras\Camera.cpp">
      <Filter>Rendering\Cameras</Filter>
    </ClCompile>
    <ClCompile Include="Rendering\Model.cpp">
      <Filter>Rendering</Filter>
    </ClCompile>
    <ClCompile Include="Externals\yyjson.cpp">
      <Filter>Externals</Filter>
    </ClCompile>
    <ClCompile Include="Filesystems\JSON.cpp">
      <Filter>Filesystems</Filter>
    </ClCompile>
    <ClCompile Include="Scenes\Scene.cpp">
      <Filter>Scenes</Filter>
    </ClCompile>
  </ItemGroup>
  <ItemGroup>
    <ClInclude Include="UI\UIText.h">
      <Filter>UI</Filter>
    </ClInclude>
    <ClInclude Include="UI\UIElement.h">
      <Filter>UI</Filter>
    </ClInclude>
    <ClInclude Include="UI\UIManager.h">
      <Filter>UI</Filter>
    </ClInclude>
    <ClInclude Include="Rendering\GLSLProgram.h">
      <Filter>Rendering</Filter>
    </ClInclude>
    <ClInclude Include="Rendering\TextRenderer.h">
      <Filter>Rendering</Filter>
    </ClInclude>
    <ClInclude Include="Rendering\Vertex.h">
      <Filter>Rendering</Filter>
    </ClInclude>
    <ClInclude Include="Collision\Collider2D.h">
      <Filter>Collision</Filter>
    </ClInclude>
    <ClInclude Include="Collision\Collision2D.h">
      <Filter>Collision</Filter>
    </ClInclude>
    <ClInclude Include="Errors.h" />
    <ClInclude Include="Jauntlet.h" />
    <ClInclude Include="JMath.h" />
    <ClInclude Include="Time.h" />
    <ClInclude Include="UI\UIButton.h">
      <Filter>UI</Filter>
    </ClInclude>
    <ClInclude Include="UI\UISprite.h">
      <Filter>UI</Filter>
    </ClInclude>
    <ClInclude Include="UI\UIButtonToggleable.h">
      <Filter>UI</Filter>
    </ClInclude>
    <ClInclude Include="UI\UIBatch.h">
      <Filter>UI</Filter>
    </ClInclude>
    <ClInclude Include="Tiles\TileMap.h">
      <Filter>Tiles</Filter>
    </ClInclude>
    <ClInclude Include="Tiles\TileSet.h">
      <Filter>Tiles</Filter>
    </ClInclude>
    <ClInclude Include="Rendering\Animation\SpriteAnimation.h">
      <Filter>Rendering\Animation</Filter>
    </ClInclude>
    <ClInclude Include="Rendering\Particles\ParticleEmitter.h">
      <Filter>Rendering\Particles</Filter>
    </ClInclude>
    <ClInclude Include="Externals\stb_image.h">
      <Filter>Externals</Filter>
    </ClInclude>
    <ClInclude Include="Externals\tinyfiledialogs.h">
      <Filter>Externals</Filter>
    </ClInclude>
    <ClInclude Include="Rendering\Window.h">
      <Filter>Rendering</Filter>
    </ClInclude>
    <ClInclude Include="Rendering\Cameras\Camera2D.h">
      <Filter>Rendering\Cameras</Filter>
    </ClInclude>
    <ClInclude Include="Inputs\InputKey.h">
      <Filter>Inputs</Filter>
    </ClInclude>
    <ClInclude Include="Inputs\InputManager.h">
      <Filter>Inputs</Filter>
    </ClInclude>
    <ClInclude Include="Rendering\Particles\Particle.h">
      <Filter>Rendering\Particles</Filter>
    </ClInclude>
    <ClInclude Include="Rendering\Particles\Properties\ParticleProperty.h">
      <Filter>Rendering\Particles\Properties</Filter>
    </ClInclude>
    <ClInclude Include="Filesystems\FileManager.h">
      <Filter>Filesystems</Filter>
    </ClInclude>
    <ClInclude Include="Rendering\Particles\Properties\ParticleGrow.h">
      <Filter>Rendering\Particles\Properties</Filter>
    </ClInclude>
    <ClInclude Include="Filesystems\FileDialogs.h">
      <Filter>Filesystems</Filter>
    </ClInclude>
    <ClInclude Include="UI\UISpriteAnimated.h">
      <Filter>UI</Filter>
    </ClInclude>
    <ClInclude Include="Rendering\Textures\Texture.h">
      <Filter>Rendering\Textures</Filter>
    </ClInclude>
    <ClInclude Include="Rendering\Textures\ResourceManager.h">
      <Filter>Rendering\Textures</Filter>
    </ClInclude>
    <ClInclude Include="Rendering\Textures\SpriteBatch.h">
      <Filter>Rendering\Textures</Filter>
    </ClInclude>
    <ClInclude Include="Rendering\Textures\TextureCache.h">
      <Filter>Rendering\Textures</Filter>
    </ClInclude>
    <ClInclude Include="Rendering\ProgressBar.h">
      <Filter>Rendering</Filter>
    </ClInclude>
    <ClInclude Include="Audio\AudioListener.h">
      <Filter>Audio</Filter>
    </ClInclude>
    <ClInclude Include="Audio\AudioSource.h">
      <Filter>Audio</Filter>
    </ClInclude>
    <ClInclude Include="UI\UIProgressBar.h">
      <Filter>UI</Filter>
    </ClInclude>
    <ClInclude Include="Rendering\Cameras\Camera.h">
      <Filter>Rendering\Cameras</Filter>
    </ClInclude>
    <ClInclude Include="Rendering\Model.h">
      <Filter>Rendering</Filter>
    </ClInclude>
    <ClInclude Include="Externals\yyjson.h">
      <Filter>Externals</Filter>
    </ClInclude>
    <ClInclude Include="Filesystems\JSON.h">
      <Filter>Filesystems</Filter>
    </ClInclude>
    <ClInclude Include="Scenes\Scene.h">
      <Filter>Scenes</Filter>
    </ClInclude>
  </ItemGroup>
</Project>