<?xml version="1.0" encoding="utf-8"?>
<Project ToolsVersion="4.0" xmlns="http://schemas.microsoft.com/developer/msbuild/2003">
  <ItemGroup>
    <Filter Include="UI">
      <UniqueIdentifier>{b72c6fcd-da84-4fa8-8cc8-c61119a156da}</UniqueIdentifier>
    </Filter>
    <Filter Include="Rendering">
      <UniqueIdentifier>{ee9e3668-7089-4d79-abad-b93d172b0502}</UniqueIdentifier>
    </Filter>
    <Filter Include="Collision">
      <UniqueIdentifier>{2704dada-92f2-4fb4-8131-499807e1c17c}</UniqueIdentifier>
    </Filter>
  </ItemGroup>
  <ItemGroup>
    <ClCompile Include="UI\UITextElement.cpp">
      <Filter>UI</Filter>
    </ClCompile>
    <ClCompile Include="UI\UIElement.cpp">
      <Filter>UI</Filter>
    </ClCompile>
    <ClCompile Include="UI\UIManager.cpp">
      <Filter>UI</Filter>
    </ClCompile>
    <ClCompile Include="Rendering\GLSLProgram.cpp">
      <Filter>Rendering</Filter>
    </ClCompile>
    <ClCompile Include="Rendering\ImageLoader.cpp">
      <Filter>Rendering</Filter>
    </ClCompile>
    <ClCompile Include="Rendering\LineRenderer.cpp">
      <Filter>Rendering</Filter>
    </ClCompile>
    <ClCompile Include="Rendering\picoPNG.cpp">
      <Filter>Rendering</Filter>
    </ClCompile>
    <ClCompile Include="Rendering\ResourceManager.cpp">
      <Filter>Rendering</Filter>
    </ClCompile>
    <ClCompile Include="Rendering\SpriteBatch.cpp">
      <Filter>Rendering</Filter>
    </ClCompile>
    <ClCompile Include="Rendering\SpriteFont.cpp">
      <Filter>Rendering</Filter>
    </ClCompile>
    <ClCompile Include="Rendering\TextureCache.cpp">
      <Filter>Rendering</Filter>
    </ClCompile>
    <ClCompile Include="Collision\Collider2D.cpp">
      <Filter>Collision</Filter>
    </ClCompile>
    <ClCompile Include="Collision\Collision2D.cpp">
      <Filter>Collision</Filter>
    </ClCompile>
    <ClCompile Include="Camera2D.cpp" />
    <ClCompile Include="Errors.cpp" />
    <ClCompile Include="InputKey.cpp" />
    <ClCompile Include="InputManager.cpp" />
    <ClCompile Include="IOManager.cpp" />
    <ClCompile Include="Jauntlet.cpp" />
    <ClCompile Include="JMath.cpp" />
    <ClCompile Include="TileMap.cpp" />
    <ClCompile Include="TileSet.cpp" />
    <ClCompile Include="Time.cpp" />
    <ClCompile Include="Window.cpp" />
    <ClCompile Include="UI\UIButtonElement.cpp">
      <Filter>UI</Filter>
    </ClCompile>
    <ClCompile Include="tinyfiledialogs.cpp" />
    <ClCompile Include="Rendering\Animation.cpp">
      <Filter>Rendering</Filter>
    </ClCompile>
    <ClCompile Include="Rendering\AnimationManager.cpp">
      <Filter>Rendering</Filter>
    </ClCompile>
    <ClCompile Include="UI\UISpriteElement.cpp">
      <Filter>UI</Filter>
    </ClCompile>
    <ClCompile Include="UI\UIButtonToggleableElement.cpp">
      <Filter>UI</Filter>
    </ClCompile>
  </ItemGroup>
  <ItemGroup>
    <ClInclude Include="UI\UITextElement.h">
      <Filter>UI</Filter>
    </ClInclude>
    <ClInclude Include="UI\UIElement.h">
      <Filter>UI</Filter>
    </ClInclude>
    <ClInclude Include="UI\UIManager.h">
      <Filter>UI</Filter>
    </ClInclude>
    <ClInclude Include="Rendering\GLSLProgram.h">
      <Filter>Rendering</Filter>
    </ClInclude>
    <ClInclude Include="Rendering\GLTexture.h">
      <Filter>Rendering</Filter>
    </ClInclude>
    <ClInclude Include="Rendering\ImageLoader.h">
      <Filter>Rendering</Filter>
    </ClInclude>
    <ClInclude Include="Rendering\LineRenderer.h">
      <Filter>Rendering</Filter>
    </ClInclude>
    <ClInclude Include="Rendering\picoPNG.h">
      <Filter>Rendering</Filter>
    </ClInclude>
    <ClInclude Include="Rendering\ResourceManager.h">
      <Filter>Rendering</Filter>
    </ClInclude>
    <ClInclude Include="Rendering\SpriteBatch.h">
      <Filter>Rendering</Filter>
    </ClInclude>
    <ClInclude Include="Rendering\SpriteFont.h">
      <Filter>Rendering</Filter>
    </ClInclude>
    <ClInclude Include="Rendering\TextureCache.h">
      <Filter>Rendering</Filter>
    </ClInclude>
    <ClInclude Include="Rendering\Vertex.h">
      <Filter>Rendering</Filter>
    </ClInclude>
    <ClInclude Include="Collision\Collider2D.h">
      <Filter>Collision</Filter>
    </ClInclude>
    <ClInclude Include="Collision\Collision2D.h">
      <Filter>Collision</Filter>
    </ClInclude>
    <ClInclude Include="Window.h" />
    <ClInclude Include="Camera2D.h" />
    <ClInclude Include="Errors.h" />
    <ClInclude Include="InputKey.h" />
    <ClInclude Include="InputManager.h" />
    <ClInclude Include="IOManager.h" />
    <ClInclude Include="Jauntlet.h" />
    <ClInclude Include="JMath.h" />
    <ClInclude Include="TileMap.h" />
    <ClInclude Include="TileSet.h" />
    <ClInclude Include="Time.h" />
    <ClInclude Include="UI\UIButtonElement.h">
      <Filter>UI</Filter>
    </ClInclude>
    <ClInclude Include="tinyfiledialogs.h" />
    <ClInclude Include="Rendering\Animation.h">
      <Filter>Rendering</Filter>
    </ClInclude>
    <ClInclude Include="Rendering\AnimationManager.h">
      <Filter>Rendering</Filter>
    </ClInclude>
    <ClInclude Include="UI\UISpriteElement.h">
      <Filter>UI</Filter>
    </ClInclude>
    <ClInclude Include="UI\UIButtonToggleableElement.h">
      <Filter>UI</Filter>
    </ClInclude>
  </ItemGroup>
</Project>